
Microsoft Visual Studio Solution File, Format Version 12.00
# Visual Studio Version 17
VisualStudioVersion = 17.7.34018.315
MinimumVisualStudioVersion = 10.0.40219.1
Project("{FAE04EC0-301F-11D3-BF4B-00C04F79EFBC}") = "01_Exercisse", "01_Exercisse\01_Exercisse.csproj", "{12F52601-2C17-4764-8B42-27B90C32A513}"
EndProject
Global
	GlobalSection(SolutionConfigurationPlatforms) = preSolution
		Debug|Any CPU = Debug|Any CPU
		Release|Any CPU = Release|Any CPU
	EndGlobalSection
	GlobalSection(ProjectConfigurationPlatforms) = postSolution
		{12F52601-2C17-4764-8B42-27B90C32A513}.Debug|Any CPU.ActiveCfg = Debug|Any CPU
		{12F52601-2C17-4764-8B42-27B90C32A513}.Debug|Any CPU.Build.0 = Debug|Any CPU
		{12F52601-2C17-4764-8B42-27B90C32A513}.Release|Any CPU.ActiveCfg = Release|Any CPU
		{12F52601-2C17-4764-8B42-27B90C32A513}.Release|Any CPU.Build.0 = Release|Any CPU
	EndGlobalSection
	GlobalSection(SolutionProperties) = preSolution
		HideSolutionNode = FALSE
	EndGlobalSection
	GlobalSection(ExtensibilityGlobals) = postSolution
		SolutionGuid = {91C105D1-282D-418F-88FA-0406A754754F}
	EndGlobalSection
EndGlobal
