
Microsoft Visual Studio Solution File, Format Version 12.00
# Visual Studio Version 17
VisualStudioVersion = 17.7.34018.315
MinimumVisualStudioVersion = 10.0.40219.1
Project("{FAE04EC0-301F-11D3-BF4B-00C04F79EFBC}") = "00_Repetition", "00_Repetition\00_Repetition.csproj", "{A2E7A47A-E6DB-4FCC-907C-696FEE033FAC}"
EndProject
Project("{FAE04EC0-301F-11D3-BF4B-00C04F79EFBC}") = "01_SaveAndReadToFromFile", "01_SaveAndReadToFromFile\01_SaveAndReadToFromFile.csproj", "{E50E9EF7-5475-4F78-868E-79B828D5CFB7}"
EndProject
Project("{FAE04EC0-301F-11D3-BF4B-00C04F79EFBC}") = "02_TodoList.Tests", "02_TodoList.Tests\02_TodoList.Tests.csproj", "{8FBA69D3-F0CD-4B5C-B23C-001DC408AA34}"
EndProject
Project("{FAE04EC0-301F-11D3-BF4B-00C04F79EFBC}") = "02_TodoList", "02_TodoList\02_TodoList.csproj", "{D13F7784-DBB6-41FD-964F-C9FEE3E1BE24}"
EndProject
Global
	GlobalSection(SolutionConfigurationPlatforms) = preSolution
		Debug|Any CPU = Debug|Any CPU
		Release|Any CPU = Release|Any CPU
	EndGlobalSection
	GlobalSection(ProjectConfigurationPlatforms) = postSolution
		{A2E7A47A-E6DB-4FCC-907C-696FEE033FAC}.Debug|Any CPU.ActiveCfg = Debug|Any CPU
		{A2E7A47A-E6DB-4FCC-907C-696FEE033FAC}.Debug|Any CPU.Build.0 = Debug|Any CPU
		{A2E7A47A-E6DB-4FCC-907C-696FEE033FAC}.Release|Any CPU.ActiveCfg = Release|Any CPU
		{A2E7A47A-E6DB-4FCC-907C-696FEE033FAC}.Release|Any CPU.Build.0 = Release|Any CPU
		{E50E9EF7-5475-4F78-868E-79B828D5CFB7}.Debug|Any CPU.ActiveCfg = Debug|Any CPU
		{E50E9EF7-5475-4F78-868E-79B828D5CFB7}.Debug|Any CPU.Build.0 = Debug|Any CPU
		{E50E9EF7-5475-4F78-868E-79B828D5CFB7}.Release|Any CPU.ActiveCfg = Release|Any CPU
		{E50E9EF7-5475-4F78-868E-79B828D5CFB7}.Release|Any CPU.Build.0 = Release|Any CPU
		{8FBA69D3-F0CD-4B5C-B23C-001DC408AA34}.Debug|Any CPU.ActiveCfg = Debug|Any CPU
		{8FBA69D3-F0CD-4B5C-B23C-001DC408AA34}.Debug|Any CPU.Build.0 = Debug|Any CPU
		{8FBA69D3-F0CD-4B5C-B23C-001DC408AA34}.Release|Any CPU.ActiveCfg = Release|Any CPU
		{8FBA69D3-F0CD-4B5C-B23C-001DC408AA34}.Release|Any CPU.Build.0 = Release|Any CPU
		{D13F7784-DBB6-41FD-964F-C9FEE3E1BE24}.Debug|Any CPU.ActiveCfg = Debug|Any CPU
		{D13F7784-DBB6-41FD-964F-C9FEE3E1BE24}.Debug|Any CPU.Build.0 = Debug|Any CPU
		{D13F7784-DBB6-41FD-964F-C9FEE3E1BE24}.Release|Any CPU.ActiveCfg = Release|Any CPU
		{D13F7784-DBB6-41FD-964F-C9FEE3E1BE24}.Release|Any CPU.Build.0 = Release|Any CPU
	EndGlobalSection
	GlobalSection(SolutionProperties) = preSolution
		HideSolutionNode = FALSE
	EndGlobalSection
	GlobalSection(ExtensibilityGlobals) = postSolution
		SolutionGuid = {448B9B6A-5BF8-4847-B2E4-C5B74D461773}
	EndGlobalSection
EndGlobal
